
Microsoft Visual Studio Solution File, Format Version 12.00
# Visual Studio Version 17
VisualStudioVersion = 17.1.32210.238
MinimumVisualStudioVersion = 10.0.40219.1
Project("{FAE04EC0-301F-11D3-BF4B-00C04F79EFBC}") = "Peresdachi", "Peresdachi\Peresdachi.csproj", "{ACE5F6EC-0B79-48F9-BFD1-CC9D44730097}"
EndProject
Global
	GlobalSection(SolutionConfigurationPlatforms) = preSolution
		Debug|Any CPU = Debug|Any CPU
		Release|Any CPU = Release|Any CPU
	EndGlobalSection
	GlobalSection(ProjectConfigurationPlatforms) = postSolution
		{ACE5F6EC-0B79-48F9-BFD1-CC9D44730097}.Debug|Any CPU.ActiveCfg = Debug|Any CPU
		{ACE5F6EC-0B79-48F9-BFD1-CC9D44730097}.Debug|Any CPU.Build.0 = Debug|Any CPU
		{ACE5F6EC-0B79-48F9-BFD1-CC9D44730097}.Release|Any CPU.ActiveCfg = Release|Any CPU
		{ACE5F6EC-0B79-48F9-BFD1-CC9D44730097}.Release|Any CPU.Build.0 = Release|Any CPU
	EndGlobalSection
	GlobalSection(SolutionProperties) = preSolution
		HideSolutionNode = FALSE
	EndGlobalSection
	GlobalSection(ExtensibilityGlobals) = postSolution
		SolutionGuid = {27C57020-9B40-4432-A9DD-517BBB97C022}
	EndGlobalSection
EndGlobal
